
Microsoft Visual Studio Solution File, Format Version 12.00
# Visual Studio Version 17
VisualStudioVersion = 17.11.35327.3
MinimumVisualStudioVersion = 10.0.40219.1
Project("{9A19103F-16F7-4668-BE54-9A1E7A4F7556}") = "API", "API\API.csproj", "{67EC953B-CF15-4464-97FC-60C8D10BBB79}"
EndProject
Project("{FAE04EC0-301F-11D3-BF4B-00C04F79EFBC}") = "SourceGenerators", "SourceGenerators\SourceGenerators.csproj", "{3D6717BE-4666-4406-B3B6-DCB9DA0FFD19}"
EndProject
Global
	GlobalSection(SolutionConfigurationPlatforms) = preSolution
		Debug|Any CPU = Debug|Any CPU
		Release|Any CPU = Release|Any CPU
	EndGlobalSection
	GlobalSection(ProjectConfigurationPlatforms) = postSolution
		{67EC953B-CF15-4464-97FC-60C8D10BBB79}.Debug|Any CPU.ActiveCfg = Debug|Any CPU
		{67EC953B-CF15-4464-97FC-60C8D10BBB79}.Debug|Any CPU.Build.0 = Debug|Any CPU
		{67EC953B-CF15-4464-97FC-60C8D10BBB79}.Release|Any CPU.ActiveCfg = Release|Any CPU
		{67EC953B-CF15-4464-97FC-60C8D10BBB79}.Release|Any CPU.Build.0 = Release|Any CPU
		{3D6717BE-4666-4406-B3B6-DCB9DA0FFD19}.Debug|Any CPU.ActiveCfg = Debug|Any CPU
		{3D6717BE-4666-4406-B3B6-DCB9DA0FFD19}.Debug|Any CPU.Build.0 = Debug|Any CPU
		{3D6717BE-4666-4406-B3B6-DCB9DA0FFD19}.Release|Any CPU.ActiveCfg = Release|Any CPU
		{3D6717BE-4666-4406-B3B6-DCB9DA0FFD19}.Release|Any CPU.Build.0 = Release|Any CPU
	EndGlobalSection
	GlobalSection(SolutionProperties) = preSolution
		HideSolutionNode = FALSE
	EndGlobalSection
	GlobalSection(ExtensibilityGlobals) = postSolution
		SolutionGuid = {57FC1E99-6FC8-4CDF-8F06-92AB9F38ADBA}
	EndGlobalSection
EndGlobal
